dependencies:
- name: common
  repository: https://charts.bitnami.com/bitnami
  version: 2.1.2
- name: redis
  repository: https://charts.bitnami.com/bitnami
  version: 17.3.18
- name: postgresql
  repository: https://charts.bitnami.com/bitnami
  version: 11.9.13
- name: mariadb
  repository: https://charts.bitnami.com/bitnami
  version: 11.3.5
digest: sha256:886f6a09dadef6728707cbe7297f75f2734af3105eecc6f88512d035109c57c5
generated: "2023-03-09T22:10:46.777192701+01:00"
