dependencies:
- name: redis
  repository: https://charts.bitnami.com/bitnami
  version: 22.0.7
- name: postgresql
  repository: https://charts.bitnami.com/bitnami
  version: 16.7.27
- name: mariadb
  repository: https://charts.bitnami.com/bitnami
  version: 27.3.0
digest: sha256:96500541a40e1ee92ea0bed2054e7a2f91b25435dbbc73ad2a255a3d9c722a26
generated: "2026-09-10T18:18:58.299336302Z"
