dependencies:
- name: common
  repository: https://charts.bitnami.com/bitnami
  version: 2.31.4
- name: redis
  repository: https://charts.bitnami.com/bitnami
  version: 22.0.7
- name: postgresql
  repository: https://charts.bitnami.com/bitnami
  version: 16.7.27
- name: mariadb
  repository: https://charts.bitnami.com/bitnami
  version: 22.0.0
digest: sha256:df5f781d02793d5caf58b611f02cb260311d23cf9a4937de549eb8ebb32c0a5d
generated: "2025-08-28T21:20:18.098711811+02:00"
