dependencies:
- name: redis
  repository: https://charts.bitnami.com/bitnami
  version: 22.0.7
- name: postgresql
  repository: https://charts.bitnami.com/bitnami
  version: 16.7.27
- name: mariadb
  repository: https://charts.bitnami.com/bitnami
  version: 27.0.8
digest: sha256:f652d5496a64e3603b374be6c244e88849a09d6eab29fcd22d10535c180e7096
generated: "2026-09-04T04:44:23.302071816Z"
